// !$*UTF8*$!
{
	archiveVersion = 1;
	classes = {
	};
	objectVersion = 50;
	objects = {

/* Begin PBXBuildFile section */
		12C7B49D9714765300F21C1B /* Pods_MovieFinderTests.framework in Frameworks */ = {isa = PBXBuildFile; fileRef = 128D82F99C88BB69E85D8AD4 /* Pods_MovieFinderTests.framework */; };
		A0212D0F790D5A336945EA7F /* Pods_MovieFinder.framework in Frameworks */ = {isa = PBXBuildFile; fileRef = 24CD769AD8FE678310325191 /* Pods_MovieFinder.framework */; };
		F10D9557230D302B00D48239 /* AppDelegate.swift in Sources */ = {isa = PBXBuildFile; fileRef = F10D9556230D302B00D48239 /* AppDelegate.swift */; };
		F10D9559230D302B00D48239 /* ViewController.swift in Sources */ = {isa = PBXBuildFile; fileRef = F10D9558230D302B00D48239 /* ViewController.swift */; };
		F10D955C230D302B00D48239 /* Main.storyboard in Resources */ = {isa = PBXBuildFile; fileRef = F10D955A230D302B00D48239 /* Main.storyboard */; };
		F10D955F230D302B00D48239 /* MovieFinder.xcdatamodeld in Sources */ = {isa = PBXBuildFile; fileRef = F10D955D230D302B00D48239 /* MovieFinder.xcdatamodeld */; };
		F10D9561230D303500D48239 /* Assets.xcassets in Resources */ = {isa = PBXBuildFile; fileRef = F10D9560230D303500D48239 /* Assets.xcassets */; };
		F10D9564230D303500D48239 /* LaunchScreen.storyboard in Resources */ = {isa = PBXBuildFile; fileRef = F10D9562230D303500D48239 /* LaunchScreen.storyboard */; };
		F10D956F230D303500D48239 /* MovieFinderTests.swift in Sources */ = {isa = PBXBuildFile; fileRef = F10D956E230D303500D48239 /* MovieFinderTests.swift */; };
		F10D9580230D6E6700D48239 /* MovieAPI.swift in Sources */ = {isa = PBXBuildFile; fileRef = F10D957F230D6E6700D48239 /* MovieAPI.swift */; };
		F10D9582230D6EED00D48239 /* MovieAPIError.swift in Sources */ = {isa = PBXBuildFile; fileRef = F10D9581230D6EED00D48239 /* MovieAPIError.swift */; };
		F10D9584230D6EFD00D48239 /* MovieAPIEndpoint.swift in Sources */ = {isa = PBXBuildFile; fileRef = F10D9583230D6EFD00D48239 /* MovieAPIEndpoint.swift */; };
		F10D9589230D6F8900D48239 /* Movie.swift in Sources */ = {isa = PBXBuildFile; fileRef = F10D9588230D6F8900D48239 /* Movie.swift */; };
		F10D958B230D6FAC00D48239 /* MovieResponse.swift in Sources */ = {isa = PBXBuildFile; fileRef = F10D958A230D6FAC00D48239 /* MovieResponse.swift */; };
		F10D958F230D6FE100D48239 /* MovieVideosResponse.swift in Sources */ = {isa = PBXBuildFile; fileRef = F10D958E230D6FE100D48239 /* MovieVideosResponse.swift */; };
		F10D9591230D701900D48239 /* MovieVideo.swift in Sources */ = {isa = PBXBuildFile; fileRef = F10D9590230D701900D48239 /* MovieVideo.swift */; };
		F10D9593230D704100D48239 /* Cast.swift in Sources */ = {isa = PBXBuildFile; fileRef = F10D9592230D704100D48239 /* Cast.swift */; };
		F10D9595230D704B00D48239 /* Crew.swift in Sources */ = {isa = PBXBuildFile; fileRef = F10D9594230D704B00D48239 /* Crew.swift */; };
		F10D9597230D705700D48239 /* CreditsResponse.swift in Sources */ = {isa = PBXBuildFile; fileRef = F10D9596230D705700D48239 /* CreditsResponse.swift */; };
		F10D9599230D708700D48239 /* ImagesResponse.swift in Sources */ = {isa = PBXBuildFile; fileRef = F10D9598230D708700D48239 /* ImagesResponse.swift */; };
		F10D959B230D70F700D48239 /* Genre.swift in Sources */ = {isa = PBXBuildFile; fileRef = F10D959A230D70F700D48239 /* Genre.swift */; };
		F10D959D230D710B00D48239 /* GenreResponse.swift in Sources */ = {isa = PBXBuildFile; fileRef = F10D959C230D710B00D48239 /* GenreResponse.swift */; };
		F10D959F230D713B00D48239 /* TVShow.swift in Sources */ = {isa = PBXBuildFile; fileRef = F10D959E230D713B00D48239 /* TVShow.swift */; };
		F10D95A1230D715700D48239 /* TVShowResponse.swift in Sources */ = {isa = PBXBuildFile; fileRef = F10D95A0230D715700D48239 /* TVShowResponse.swift */; };
		F10D95A6230D72A900D48239 /* MovieImagePath.swift in Sources */ = {isa = PBXBuildFile; fileRef = F10D95A5230D72A900D48239 /* MovieImagePath.swift */; };
/* End PBXBuildFile section */

/* Begin PBXContainerItemProxy section */
		F10D956B230D303500D48239 /* PBXContainerItemProxy */ = {
			isa = PBXContainerItemProxy;
			containerPortal = F10D954B230D302B00D48239 /* Project object */;
			proxyType = 1;
			remoteGlobalIDString = F10D9552230D302B00D48239;
			remoteInfo = MovieFinder;
		};
/* End PBXContainerItemProxy section */

/* Begin PBXFileReference section */
		0D39DCF7491DF3288E6544DF /* Pods-MovieFinder.debug.xcconfig */ = {isa = PBXFileReference; includeInIndex = 1; lastKnownFileType = text.xcconfig; name = "Pods-MovieFinder.debug.xcconfig"; path = "Target Support Files/Pods-MovieFinder/Pods-MovieFinder.debug.xcconfig"; sourceTree = "<group>"; };
		128D82F99C88BB69E85D8AD4 /* Pods_MovieFinderTests.framework */ = {isa = PBXFileReference; explicitFileType = wrapper.framework; includeInIndex = 0; path = Pods_MovieFinderTests.framework; sourceTree = BUILT_PRODUCTS_DIR; };
		24CD769AD8FE678310325191 /* Pods_MovieFinder.framework */ = {isa = PBXFileReference; explicitFileType = wrapper.framework; includeInIndex = 0; path = Pods_MovieFinder.framework; sourceTree = BUILT_PRODUCTS_DIR; };
		D5BEFCF8C743F22F1B97DD72 /* Pods-MovieFinder.release.xcconfig */ = {isa = PBXFileReference; includeInIndex = 1; lastKnownFileType = text.xcconfig; name = "Pods-MovieFinder.release.xcconfig"; path = "Target Support Files/Pods-MovieFinder/Pods-MovieFinder.release.xcconfig"; sourceTree = "<group>"; };
		DA7B79630A1EEDB393A3AF07 /* Pods-MovieFinderTests.release.xcconfig */ = {isa = PBXFileReference; includeInIndex = 1; lastKnownFileType = text.xcconfig; name = "Pods-MovieFinderTests.release.xcconfig"; path = "Target Support Files/Pods-MovieFinderTests/Pods-MovieFinderTests.release.xcconfig"; sourceTree = "<group>"; };
		F10D9553230D302B00D48239 /* MovieFinder.app */ = {isa = PBXFileReference; explicitFileType = wrapper.application; includeInIndex = 0; path = MovieFinder.app; sourceTree = BUILT_PRODUCTS_DIR; };
		F10D9556230D302B00D48239 /* AppDelegate.swift */ = {isa = PBXFileReference; lastKnownFileType = sourcecode.swift; path = AppDelegate.swift; sourceTree = "<group>"; };
		F10D9558230D302B00D48239 /* ViewController.swift */ = {isa = PBXFileReference; lastKnownFileType = sourcecode.swift; path = ViewController.swift; sourceTree = "<group>"; };
		F10D955B230D302B00D48239 /* Base */ = {isa = PBXFileReference; lastKnownFileType = file.storyboard; name = Base; path = Base.lproj/Main.storyboard; sourceTree = "<group>"; };
		F10D955E230D302B00D48239 /* MovieFinder.xcdatamodel */ = {isa = PBXFileReference; lastKnownFileType = wrapper.xcdatamodel; path = MovieFinder.xcdatamodel; sourceTree = "<group>"; };
		F10D9560230D303500D48239 /* Assets.xcassets */ = {isa = PBXFileReference; lastKnownFileType = folder.assetcatalog; path = Assets.xcassets; sourceTree = "<group>"; };
		F10D9563230D303500D48239 /* Base */ = {isa = PBXFileReference; lastKnownFileType = file.storyboard; name = Base; path = Base.lproj/LaunchScreen.storyboard; sourceTree = "<group>"; };
		F10D9565230D303500D48239 /* Info.plist */ = {isa = PBXFileReference; lastKnownFileType = text.plist.xml; path = Info.plist; sourceTree = "<group>"; };
		F10D956A230D303500D48239 /* MovieFinderTests.xctest */ = {isa = PBXFileReference; explicitFileType = wrapper.cfbundle; includeInIndex = 0; path = MovieFinderTests.xctest; sourceTree = BUILT_PRODUCTS_DIR; };
		F10D956E230D303500D48239 /* MovieFinderTests.swift */ = {isa = PBXFileReference; lastKnownFileType = sourcecode.swift; path = MovieFinderTests.swift; sourceTree = "<group>"; };
		F10D9570230D303500D48239 /* Info.plist */ = {isa = PBXFileReference; lastKnownFileType = text.plist.xml; path = Info.plist; sourceTree = "<group>"; };
		F10D957F230D6E6700D48239 /* MovieAPI.swift */ = {isa = PBXFileReference; lastKnownFileType = sourcecode.swift; path = MovieAPI.swift; sourceTree = "<group>"; };
		F10D9581230D6EED00D48239 /* MovieAPIError.swift */ = {isa = PBXFileReference; lastKnownFileType = sourcecode.swift; path = MovieAPIError.swift; sourceTree = "<group>"; };
		F10D9583230D6EFD00D48239 /* MovieAPIEndpoint.swift */ = {isa = PBXFileReference; lastKnownFileType = sourcecode.swift; path = MovieAPIEndpoint.swift; sourceTree = "<group>"; };
		F10D9588230D6F8900D48239 /* Movie.swift */ = {isa = PBXFileReference; lastKnownFileType = sourcecode.swift; path = Movie.swift; sourceTree = "<group>"; };
		F10D958A230D6FAC00D48239 /* MovieResponse.swift */ = {isa = PBXFileReference; lastKnownFileType = sourcecode.swift; path = MovieResponse.swift; sourceTree = "<group>"; };
		F10D958E230D6FE100D48239 /* MovieVideosResponse.swift */ = {isa = PBXFileReference; lastKnownFileType = sourcecode.swift; path = MovieVideosResponse.swift; sourceTree = "<group>"; };
		F10D9590230D701900D48239 /* MovieVideo.swift */ = {isa = PBXFileReference; lastKnownFileType = sourcecode.swift; path = MovieVideo.swift; sourceTree = "<group>"; };
		F10D9592230D704100D48239 /* Cast.swift */ = {isa = PBXFileReference; lastKnownFileType = sourcecode.swift; path = Cast.swift; sourceTree = "<group>"; };
		F10D9594230D704B00D48239 /* Crew.swift */ = {isa = PBXFileReference; lastKnownFileType = sourcecode.swift; path = Crew.swift; sourceTree = "<group>"; };
		F10D9596230D705700D48239 /* CreditsResponse.swift */ = {isa = PBXFileReference; lastKnownFileType = sourcecode.swift; path = CreditsResponse.swift; sourceTree = "<group>"; };
		F10D9598230D708700D48239 /* ImagesResponse.swift */ = {isa = PBXFileReference; lastKnownFileType = sourcecode.swift; path = ImagesResponse.swift; sourceTree = "<group>"; };
		F10D959A230D70F700D48239 /* Genre.swift */ = {isa = PBXFileReference; lastKnownFileType = sourcecode.swift; path = Genre.swift; sourceTree = "<group>"; };
		F10D959C230D710B00D48239 /* GenreResponse.swift */ = {isa = PBXFileReference; lastKnownFileType = sourcecode.swift; path = GenreResponse.swift; sourceTree = "<group>"; };
		F10D959E230D713B00D48239 /* TVShow.swift */ = {isa = PBXFileReference; lastKnownFileType = sourcecode.swift; path = TVShow.swift; sourceTree = "<group>"; };
		F10D95A0230D715700D48239 /* TVShowResponse.swift */ = {isa = PBXFileReference; lastKnownFileType = sourcecode.swift; path = TVShowResponse.swift; sourceTree = "<group>"; };
		F10D95A5230D72A900D48239 /* MovieImagePath.swift */ = {isa = PBXFileReference; lastKnownFileType = sourcecode.swift; path = MovieImagePath.swift; sourceTree = "<group>"; };
		F2F284B46A4E345834F76D4D /* Pods-MovieFinderTests.debug.xcconfig */ = {isa = PBXFileReference; includeInIndex = 1; lastKnownFileType = text.xcconfig; name = "Pods-MovieFinderTests.debug.xcconfig"; path = "Target Support Files/Pods-MovieFinderTests/Pods-MovieFinderTests.debug.xcconfig"; sourceTree = "<group>"; };
/* End PBXFileReference section */

/* Begin PBXFrameworksBuildPhase section */
		F10D9550230D302B00D48239 /* Frameworks */ = {
			isa = PBXFrameworksBuildPhase;
			buildActionMask = 2147483647;
			files = (
				A0212D0F790D5A336945EA7F /* Pods_MovieFinder.framework in Frameworks */,
			);
			runOnlyForDeploymentPostprocessing = 0;
		};
		F10D9567230D303500D48239 /* Frameworks */ = {
			isa = PBXFrameworksBuildPhase;
			buildActionMask = 2147483647;
			files = (
				12C7B49D9714765300F21C1B /* Pods_MovieFinderTests.framework in Frameworks */,
			);
			runOnlyForDeploymentPostprocessing = 0;
		};
/* End PBXFrameworksBuildPhase section */

/* Begin PBXGroup section */
		54A6B3E0554F8CB3114FE8EA /* Frameworks */ = {
			isa = PBXGroup;
			children = (
				24CD769AD8FE678310325191 /* Pods_MovieFinder.framework */,
				128D82F99C88BB69E85D8AD4 /* Pods_MovieFinderTests.framework */,
			);
			name = Frameworks;
			sourceTree = "<group>";
		};
		ECA6FEF8C5FBD256DCFE7D79 /* Pods */ = {
			isa = PBXGroup;
			children = (
				0D39DCF7491DF3288E6544DF /* Pods-MovieFinder.debug.xcconfig */,
				D5BEFCF8C743F22F1B97DD72 /* Pods-MovieFinder.release.xcconfig */,
				F2F284B46A4E345834F76D4D /* Pods-MovieFinderTests.debug.xcconfig */,
				DA7B79630A1EEDB393A3AF07 /* Pods-MovieFinderTests.release.xcconfig */,
			);
			path = Pods;
			sourceTree = "<group>";
		};
		F10D954A230D302B00D48239 = {
			isa = PBXGroup;
			children = (
				F10D9555230D302B00D48239 /* MovieFinder */,
				F10D956D230D303500D48239 /* MovieFinderTests */,
				F10D9554230D302B00D48239 /* Products */,
				ECA6FEF8C5FBD256DCFE7D79 /* Pods */,
				54A6B3E0554F8CB3114FE8EA /* Frameworks */,
			);
			sourceTree = "<group>";
		};
		F10D9554230D302B00D48239 /* Products */ = {
			isa = PBXGroup;
			children = (
				F10D9553230D302B00D48239 /* MovieFinder.app */,
				F10D956A230D303500D48239 /* MovieFinderTests.xctest */,
			);
			name = Products;
			sourceTree = "<group>";
		};
		F10D9555230D302B00D48239 /* MovieFinder */ = {
			isa = PBXGroup;
			children = (
				F10D9579230D580A00D48239 /* Application */,
				F10D957A230D583F00D48239 /* Assets */,
				F10D957E230D589C00D48239 /* Networking */,
				F10D957B230D585200D48239 /* Model */,
				F10D957C230D585900D48239 /* View */,
				F10D957D230D586100D48239 /* ViewController */,
			);
			path = MovieFinder;
			sourceTree = "<group>";
		};
		F10D956D230D303500D48239 /* MovieFinderTests */ = {
			isa = PBXGroup;
			children = (
				F10D956E230D303500D48239 /* MovieFinderTests.swift */,
				F10D9570230D303500D48239 /* Info.plist */,
			);
			path = MovieFinderTests;
			sourceTree = "<group>";
		};
		F10D9579230D580A00D48239 /* Application */ = {
			isa = PBXGroup;
			children = (
				F10D9565230D303500D48239 /* Info.plist */,
				F10D9556230D302B00D48239 /* AppDelegate.swift */,
				F10D9562230D303500D48239 /* LaunchScreen.storyboard */,
				F10D955A230D302B00D48239 /* Main.storyboard */,
			);
			name = Application;
			sourceTree = "<group>";
		};
		F10D957A230D583F00D48239 /* Assets */ = {
			isa = PBXGroup;
			children = (
				F10D955D230D302B00D48239 /* MovieFinder.xcdatamodeld */,
				F10D9560230D303500D48239 /* Assets.xcassets */,
			);
			name = Assets;
			sourceTree = "<group>";
		};
		F10D957B230D585200D48239 /* Model */ = {
			isa = PBXGroup;
			children = (
				F10D9587230D6F6100D48239 /* Movie */,
				F10D9586230D6F5E00D48239 /* TV Show */,
				F10D95A3230D71B700D48239 /* Video */,
				F10D95A4230D71CF00D48239 /* Image */,
				F10D95A2230D718A00D48239 /* Credits */,
				F10D9585230D6F5C00D48239 /* Genre */,
			);
			name = Model;
			sourceTree = "<group>";
		};
		F10D957C230D585900D48239 /* View */ = {
			isa = PBXGroup;
			children = (
			);
			name = View;
			sourceTree = "<group>";
		};
		F10D957D230D586100D48239 /* ViewController */ = {
			isa = PBXGroup;
			children = (
				F10D9558230D302B00D48239 /* ViewController.swift */,
			);
			name = ViewController;
			sourceTree = "<group>";
		};
		F10D957E230D589C00D48239 /* Networking */ = {
			isa = PBXGroup;
			children = (
				F10D957F230D6E6700D48239 /* MovieAPI.swift */,
				F10D9583230D6EFD00D48239 /* MovieAPIEndpoint.swift */,
				F10D9581230D6EED00D48239 /* MovieAPIError.swift */,
				F10D95A5230D72A900D48239 /* MovieImagePath.swift */,
			);
			name = Networking;
			sourceTree = "<group>";
		};
		F10D9585230D6F5C00D48239 /* Genre */ = {
			isa = PBXGroup;
			children = (
				F10D959A230D70F700D48239 /* Genre.swift */,
				F10D959C230D710B00D48239 /* GenreResponse.swift */,
			);
			name = Genre;
			sourceTree = "<group>";
		};
		F10D9586230D6F5E00D48239 /* TV Show */ = {
			isa = PBXGroup;
			children = (
				F10D959E230D713B00D48239 /* TVShow.swift */,
				F10D95A0230D715700D48239 /* TVShowResponse.swift */,
			);
			name = "TV Show";
			sourceTree = "<group>";
		};
		F10D9587230D6F6100D48239 /* Movie */ = {
			isa = PBXGroup;
			children = (
				F10D9588230D6F8900D48239 /* Movie.swift */,
				F10D958A230D6FAC00D48239 /* MovieResponse.swift */,
			);
			name = Movie;
			sourceTree = "<group>";
		};
		F10D95A2230D718A00D48239 /* Credits */ = {
			isa = PBXGroup;
			children = (
				F10D9592230D704100D48239 /* Cast.swift */,
				F10D9594230D704B00D48239 /* Crew.swift */,
				F10D9596230D705700D48239 /* CreditsResponse.swift */,
			);
			name = Credits;
			sourceTree = "<group>";
		};
		F10D95A3230D71B700D48239 /* Video */ = {
			isa = PBXGroup;
			children = (
				F10D9590230D701900D48239 /* MovieVideo.swift */,
				F10D958E230D6FE100D48239 /* MovieVideosResponse.swift */,
			);
			name = Video;
			sourceTree = "<group>";
		};
		F10D95A4230D71CF00D48239 /* Image */ = {
			isa = PBXGroup;
			children = (
				F10D9598230D708700D48239 /* ImagesResponse.swift */,
			);
			name = Image;
			sourceTree = "<group>";
		};
/* End PBXGroup section */

/* Begin PBXNativeTarget section */
		F10D9552230D302B00D48239 /* MovieFinder */ = {
			isa = PBXNativeTarget;
			buildConfigurationList = F10D9573230D303500D48239 /* Build configuration list for PBXNativeTarget "MovieFinder" */;
			buildPhases = (
				666E0EE3194F33E34F093C9F /* [CP] Check Pods Manifest.lock */,
				F10D954F230D302B00D48239 /* Sources */,
				F10D9550230D302B00D48239 /* Frameworks */,
				F10D9551230D302B00D48239 /* Resources */,
			);
			buildRules = (
			);
			dependencies = (
			);
			name = MovieFinder;
			productName = MovieFinder;
			productReference = F10D9553230D302B00D48239 /* MovieFinder.app */;
			productType = "com.apple.product-type.application";
		};
		F10D9569230D303500D48239 /* MovieFinderTests */ = {
			isa = PBXNativeTarget;
			buildConfigurationList = F10D9576230D303500D48239 /* Build configuration list for PBXNativeTarget "MovieFinderTests" */;
			buildPhases = (
				960519B605CD16703C2681D0 /* [CP] Check Pods Manifest.lock */,
				F10D9566230D303500D48239 /* Sources */,
				F10D9567230D303500D48239 /* Frameworks */,
				F10D9568230D303500D48239 /* Resources */,
			);
			buildRules = (
			);
			dependencies = (
				F10D956C230D303500D48239 /* PBXTargetDependency */,
			);
			name = MovieFinderTests;
			productName = MovieFinderTests;
			productReference = F10D956A230D303500D48239 /* MovieFinderTests.xctest */;
			productType = "com.apple.product-type.bundle.unit-test";
		};
/* End PBXNativeTarget section */

/* Begin PBXProject section */
		F10D954B230D302B00D48239 /* Project object */ = {
			isa = PBXProject;
			attributes = {
				LastSwiftUpdateCheck = 1020;
				LastUpgradeCheck = 1020;
				ORGANIZATIONNAME = "Yosif Iliev";
				TargetAttributes = {
					F10D9552230D302B00D48239 = {
						CreatedOnToolsVersion = 10.2;
					};
					F10D9569230D303500D48239 = {
						CreatedOnToolsVersion = 10.2;
						TestTargetID = F10D9552230D302B00D48239;
					};
				};
			};
			buildConfigurationList = F10D954E230D302B00D48239 /* Build configuration list for PBXProject "MovieFinder" */;
			compatibilityVersion = "Xcode 9.3";
			developmentRegion = en;
			hasScannedForEncodings = 0;
			knownRegions = (
				en,
				Base,
			);
			mainGroup = F10D954A230D302B00D48239;
			productRefGroup = F10D9554230D302B00D48239 /* Products */;
			projectDirPath = "";
			projectRoot = "";
			targets = (
				F10D9552230D302B00D48239 /* MovieFinder */,
				F10D9569230D303500D48239 /* MovieFinderTests */,
			);
		};
/* End PBXProject section */

/* Begin PBXResourcesBuildPhase section */
		F10D9551230D302B00D48239 /* Resources */ = {
			isa = PBXResourcesBuildPhase;
			buildActionMask = 2147483647;
			files = (
				F10D9564230D303500D48239 /* LaunchScreen.storyboard in Resources */,
				F10D9561230D303500D48239 /* Assets.xcassets in Resources */,
				F10D955C230D302B00D48239 /* Main.storyboard in Resources */,
			);
			runOnlyForDeploymentPostprocessing = 0;
		};
		F10D9568230D303500D48239 /* Resources */ = {
			isa = PBXResourcesBuildPhase;
			buildActionMask = 2147483647;
			files = (
			);
			runOnlyForDeploymentPostprocessing = 0;
		};
/* End PBXResourcesBuildPhase section */

/* Begin PBXShellScriptBuildPhase section */
		666E0EE3194F33E34F093C9F /* [CP] Check Pods Manifest.lock */ = {
			isa = PBXShellScriptBuildPhase;
			buildActionMask = 2147483647;
			files = (
			);
			inputFileListPaths = (
			);
			inputPaths = (
				"${PODS_PODFILE_DIR_PATH}/Podfile.lock",
				"${PODS_ROOT}/Manifest.lock",
			);
			name = "[CP] Check Pods Manifest.lock";
			outputFileListPaths = (
			);
			outputPaths = (
				"$(DERIVED_FILE_DIR)/Pods-MovieFinder-checkManifestLockResult.txt",
			);
			runOnlyForDeploymentPostprocessing = 0;
			shellPath = /bin/sh;
			shellScript = "diff \"${PODS_PODFILE_DIR_PATH}/Podfile.lock\" \"${PODS_ROOT}/Manifest.lock\" > /dev/null\nif [ $? != 0 ] ; then\n    # print error to STDERR\n    echo \"error: The sandbox is not in sync with the Podfile.lock. Run 'pod install' or update your CocoaPods installation.\" >&2\n    exit 1\nfi\n# This output is used by Xcode 'outputs' to avoid re-running this script phase.\necho \"SUCCESS\" > \"${SCRIPT_OUTPUT_FILE_0}\"\n";
			showEnvVarsInLog = 0;
		};
		960519B605CD16703C2681D0 /* [CP] Check Pods Manifest.lock */ = {
			isa = PBXShellScriptBuildPhase;
			buildActionMask = 2147483647;
			files = (
			);
			inputFileListPaths = (
			);
			inputPaths = (
				"${PODS_PODFILE_DIR_PATH}/Podfile.lock",
				"${PODS_ROOT}/Manifest.lock",
			);
			name = "[CP] Check Pods Manifest.lock";
			outputFileListPaths = (
			);
			outputPaths = (
				"$(DERIVED_FILE_DIR)/Pods-MovieFinderTests-checkManifestLockResult.txt",
			);
			runOnlyForDeploymentPostprocessing = 0;
			shellPath = /bin/sh;
			shellScript = "diff \"${PODS_PODFILE_DIR_PATH}/Podfile.lock\" \"${PODS_ROOT}/Manifest.lock\" > /dev/null\nif [ $? != 0 ] ; then\n    # print error to STDERR\n    echo \"error: The sandbox is not in sync with the Podfile.lock. Run 'pod install' or update your CocoaPods installation.\" >&2\n    exit 1\nfi\n# This output is used by Xcode 'outputs' to avoid re-running this script phase.\necho \"SUCCESS\" > \"${SCRIPT_OUTPUT_FILE_0}\"\n";
			showEnvVarsInLog = 0;
		};
/* End PBXShellScriptBuildPhase section */

/* Begin PBXSourcesBuildPhase section */
		F10D954F230D302B00D48239 /* Sources */ = {
			isa = PBXSourcesBuildPhase;
			buildActionMask = 2147483647;
			files = (
				F10D9597230D705700D48239 /* CreditsResponse.swift in Sources */,
				F10D9589230D6F8900D48239 /* Movie.swift in Sources */,
				F10D95A6230D72A900D48239 /* MovieImagePath.swift in Sources */,
				F10D9559230D302B00D48239 /* ViewController.swift in Sources */,
				F10D959F230D713B00D48239 /* TVShow.swift in Sources */,
				F10D9595230D704B00D48239 /* Crew.swift in Sources */,
				F10D9582230D6EED00D48239 /* MovieAPIError.swift in Sources */,
				F10D9557230D302B00D48239 /* AppDelegate.swift in Sources */,
				F10D95A1230D715700D48239 /* TVShowResponse.swift in Sources */,
				F10D955F230D302B00D48239 /* MovieFinder.xcdatamodeld in Sources */,
				F10D958F230D6FE100D48239 /* MovieVideosResponse.swift in Sources */,
				F10D9591230D701900D48239 /* MovieVideo.swift in Sources */,
				F10D959B230D70F700D48239 /* Genre.swift in Sources */,
				F10D958B230D6FAC00D48239 /* MovieResponse.swift in Sources */,
				F10D9599230D708700D48239 /* ImagesResponse.swift in Sources */,
				F10D9593230D704100D48239 /* Cast.swift in Sources */,
				F10D9584230D6EFD00D48239 /* MovieAPIEndpoint.swift in Sources */,
				F10D959D230D710B00D48239 /* GenreResponse.swift in Sources */,
				F10D9580230D6E6700D48239 /* MovieAPI.swift in Sources */,
			);
			runOnlyForDeploymentPostprocessing = 0;
		};
		F10D9566230D303500D48239 /* Sources */ = {
			isa = PBXSourcesBuildPhase;
			buildActionMask = 2147483647;
			files = (
				F10D956F230D303500D48239 /* MovieFinderTests.swift in Sources */,
			);
			runOnlyForDeploymentPostprocessing = 0;
		};
/* End PBXSourcesBuildPhase section */

/* Begin PBXTargetDependency section */
		F10D956C230D303500D48239 /* PBXTargetDependency */ = {
			isa = PBXTargetDependency;
			target = F10D9552230D302B00D48239 /* MovieFinder */;
			targetProxy = F10D956B230D303500D48239 /* PBXContainerItemProxy */;
		};
/* End PBXTargetDependency section */

/* Begin PBXVariantGroup section */
		F10D955A230D302B00D48239 /* Main.storyboard */ = {
			isa = PBXVariantGroup;
			children = (
				F10D955B230D302B00D48239 /* Base */,
			);
			name = Main.storyboard;
			sourceTree = "<group>";
		};
		F10D9562230D303500D48239 /* LaunchScreen.storyboard */ = {
			isa = PBXVariantGroup;
			children = (
				F10D9563230D303500D48239 /* Base */,
			);
			name = LaunchScreen.storyboard;
			sourceTree = "<group>";
		};
/* End PBXVariantGroup section */

/* Begin XCBuildConfiguration section */
		F10D9571230D303500D48239 /* Debug */ = {
			isa = XCBuildConfiguration;
			buildSettings = {
				ALWAYS_SEARCH_USER_PATHS = NO;
				CLANG_ANALYZER_NONNULL = YES;
				CLANG_ANALYZER_NUMBER_OBJECT_CONVERSION = YES_AGGRESSIVE;
				CLANG_CXX_LANGUAGE_STANDARD = "gnu++14";
				CLANG_CXX_LIBRARY = "libc++";
				CLANG_ENABLE_MODULES = YES;
				CLANG_ENABLE_OBJC_ARC = YES;
				CLANG_ENABLE_OBJC_WEAK = YES;
				CLANG_WARN_BLOCK_CAPTURE_AUTORELEASING = YES;
				CLANG_WARN_BOOL_CONVERSION = YES;
				CLANG_WARN_COMMA = YES;
				CLANG_WARN_CONSTANT_CONVERSION = YES;
				CLANG_WARN_DEPRECATED_OBJC_IMPLEMENTATIONS = YES;
				CLANG_WARN_DIRECT_OBJC_ISA_USAGE = YES_ERROR;
				CLANG_WARN_DOCUMENTATION_COMMENTS = YES;
				CLANG_WARN_EMPTY_BODY = YES;
				CLANG_WARN_ENUM_CONVERSION = YES;
				CLANG_WARN_INFINITE_RECURSION = YES;
				CLANG_WARN_INT_CONVERSION = YES;
				CLANG_WARN_NON_LITERAL_NULL_CONVERSION = YES;
				CLANG_WARN_OBJC_IMPLICIT_RETAIN_SELF = YES;
				CLANG_WARN_OBJC_LITERAL_CONVERSION = YES;
				CLANG_WARN_OBJC_ROOT_CLASS = YES_ERROR;
				CLANG_WARN_RANGE_LOOP_ANALYSIS = YES;
				CLANG_WARN_STRICT_PROTOTYPES = YES;
				CLANG_WARN_SUSPICIOUS_MOVE = YES;
				CLANG_WARN_UNGUARDED_AVAILABILITY = YES_AGGRESSIVE;
				CLANG_WARN_UNREACHABLE_CODE = YES;
				CLANG_WARN__DUPLICATE_METHOD_MATCH = YES;
				CODE_SIGN_IDENTITY = "iPhone Developer";
				COPY_PHASE_STRIP = NO;
				DEBUG_INFORMATION_FORMAT = dwarf;
				ENABLE_STRICT_OBJC_MSGSEND = YES;
				ENABLE_TESTABILITY = YES;
				GCC_C_LANGUAGE_STANDARD = gnu11;
				GCC_DYNAMIC_NO_PIC = NO;
				GCC_NO_COMMON_BLOCKS = YES;
				GCC_OPTIMIZATION_LEVEL = 0;
				GCC_PREPROCESSOR_DEFINITIONS = (
					"DEBUG=1",
					"$(inherited)",
				);
				GCC_WARN_64_TO_32_BIT_CONVERSION = YES;
				GCC_WARN_ABOUT_RETURN_TYPE = YES_ERROR;
				GCC_WARN_UNDECLARED_SELECTOR = YES;
				GCC_WARN_UNINITIALIZED_AUTOS = YES_AGGRESSIVE;
				GCC_WARN_UNUSED_FUNCTION = YES;
				GCC_WARN_UNUSED_VARIABLE = YES;
				IPHONEOS_DEPLOYMENT_TARGET = 12.2;
				MTL_ENABLE_DEBUG_INFO = INCLUDE_SOURCE;
				MTL_FAST_MATH = YES;
				ONLY_ACTIVE_ARCH = YES;
				SDKROOT = iphoneos;
				SWIFT_ACTIVE_COMPILATION_CONDITIONS = DEBUG;
				SWIFT_OPTIMIZATION_LEVEL = "-Onone";
			};
			name = Debug;
		};
		F10D9572230D303500D48239 /* Release */ = {
			isa = XCBuildConfiguration;
			buildSettings = {
				ALWAYS_SEARCH_USER_PATHS = NO;
				CLANG_ANALYZER_NONNULL = YES;
				CLANG_ANALYZER_NUMBER_OBJECT_CONVERSION = YES_AGGRESSIVE;
				CLANG_CXX_LANGUAGE_STANDARD = "gnu++14";
				CLANG_CXX_LIBRARY = "libc++";
				CLANG_ENABLE_MODULES = YES;
				CLANG_ENABLE_OBJC_ARC = YES;
				CLANG_ENABLE_OBJC_WEAK = YES;
				CLANG_WARN_BLOCK_CAPTURE_AUTORELEASING = YES;
				CLANG_WARN_BOOL_CONVERSION = YES;
				CLANG_WARN_COMMA = YES;
				CLANG_WARN_CONSTANT_CONVERSION = YES;
				CLANG_WARN_DEPRECATED_OBJC_IMPLEMENTATIONS = YES;
				CLANG_WARN_DIRECT_OBJC_ISA_USAGE = YES_ERROR;
				CLANG_WARN_DOCUMENTATION_COMMENTS = YES;
				CLANG_WARN_EMPTY_BODY = YES;
				CLANG_WARN_ENUM_CONVERSION = YES;
				CLANG_WARN_INFINITE_RECURSION = YES;
				CLANG_WARN_INT_CONVERSION = YES;
				CLANG_WARN_NON_LITERAL_NULL_CONVERSION = YES;
				CLANG_WARN_OBJC_IMPLICIT_RETAIN_SELF = YES;
				CLANG_WARN_OBJC_LITERAL_CONVERSION = YES;
				CLANG_WARN_OBJC_ROOT_CLASS = YES_ERROR;
				CLANG_WARN_RANGE_LOOP_ANALYSIS = YES;
				CLANG_WARN_STRICT_PROTOTYPES = YES;
				CLANG_WARN_SUSPICIOUS_MOVE = YES;
				CLANG_WARN_UNGUARDED_AVAILABILITY = YES_AGGRESSIVE;
				CLANG_WARN_UNREACHABLE_CODE = YES;
				CLANG_WARN__DUPLICATE_METHOD_MATCH = YES;
				CODE_SIGN_IDENTITY = "iPhone Developer";
				COPY_PHASE_STRIP = NO;
				DEBUG_INFORMATION_FORMAT = "dwarf-with-dsym";
				ENABLE_NS_ASSERTIONS = NO;
				ENABLE_STRICT_OBJC_MSGSEND = YES;
				GCC_C_LANGUAGE_STANDARD = gnu11;
				GCC_NO_COMMON_BLOCKS = YES;
				GCC_WARN_64_TO_32_BIT_CONVERSION = YES;
				GCC_WARN_ABOUT_RETURN_TYPE = YES_ERROR;
				GCC_WARN_UNDECLARED_SELECTOR = YES;
				GCC_WARN_UNINITIALIZED_AUTOS = YES_AGGRESSIVE;
				GCC_WARN_UNUSED_FUNCTION = YES;
				GCC_WARN_UNUSED_VARIABLE = YES;
				IPHONEOS_DEPLOYMENT_TARGET = 12.2;
				MTL_ENABLE_DEBUG_INFO = NO;
				MTL_FAST_MATH = YES;
				SDKROOT = iphoneos;
				SWIFT_COMPILATION_MODE = wholemodule;
				SWIFT_OPTIMIZATION_LEVEL = "-O";
				VALIDATE_PRODUCT = YES;
			};
			name = Release;
		};
		F10D9574230D303500D48239 /* Debug */ = {
			isa = XCBuildConfiguration;
			baseConfigurationReference = 0D39DCF7491DF3288E6544DF /* Pods-MovieFinder.debug.xcconfig */;
			buildSettings = {
				ASSETCATALOG_COMPILER_APPICON_NAME = AppIcon;
				CODE_SIGN_STYLE = Automatic;
				DEVELOPMENT_TEAM = G5AL3AB92P;
				INFOPLIST_FILE = MovieFinder/Info.plist;
				LD_RUNPATH_SEARCH_PATHS = (
					"$(inherited)",
					"@executable_path/Frameworks",
				);
				PRODUCT_BUNDLE_IDENTIFIER = Yo.MovieFinder;
				PRODUCT_NAME = "$(TARGET_NAME)";
				SWIFT_VERSION = 5.0;
				TARGETED_DEVICE_FAMILY = "1,2";
			};
			name = Debug;
		};
		F10D9575230D303500D48239 /* Release */ = {
			isa = XCBuildConfiguration;
			baseConfigurationReference = D5BEFCF8C743F22F1B97DD72 /* Pods-MovieFinder.release.xcconfig */;
			buildSettings = {
				ASSETCATALOG_COMPILER_APPICON_NAME = AppIcon;
				CODE_SIGN_STYLE = Automatic;
				DEVELOPMENT_TEAM = G5AL3AB92P;
				INFOPLIST_FILE = MovieFinder/Info.plist;
				LD_RUNPATH_SEARCH_PATHS = (
					"$(inherited)",
					"@executable_path/Frameworks",
				);
				PRODUCT_BUNDLE_IDENTIFIER = Yo.MovieFinder;
				PRODUCT_NAME = "$(TARGET_NAME)";
				SWIFT_VERSION = 5.0;
				TARGETED_DEVICE_FAMILY = "1,2";
			};
			name = Release;
		};
		F10D9577230D303500D48239 /* Debug */ = {
			isa = XCBuildConfiguration;
			baseConfigurationReference = F2F284B46A4E345834F76D4D /* Pods-MovieFinderTests.debug.xcconfig */;
			buildSettings = {
				ALWAYS_EMBED_SWIFT_STANDARD_LIBRARIES = YES;
				BUNDLE_LOADER = "$(TEST_HOST)";
				CODE_SIGN_STYLE = Automatic;
				DEVELOPMENT_TEAM = G5AL3AB92P;
				INFOPLIST_FILE = MovieFinderTests/Info.plist;
				LD_RUNPATH_SEARCH_PATHS = (
					"$(inherited)",
					"@executable_path/Frameworks",
					"@loader_path/Frameworks",
				);
				PRODUCT_BUNDLE_IDENTIFIER = Yo.MovieFinderTests;
				PRODUCT_NAME = "$(TARGET_NAME)";
				SWIFT_VERSION = 5.0;
				TARGETED_DEVICE_FAMILY = "1,2";
				TEST_HOST = "$(BUILT_PRODUCTS_DIR)/MovieFinder.app/MovieFinder";
			};
			name = Debug;
		};
		F10D9578230D303500D48239 /* Release */ = {
			isa = XCBuildConfiguration;
			baseConfigurationReference = DA7B79630A1EEDB393A3AF07 /* Pods-MovieFinderTests.release.xcconfig */;
			buildSettings = {
				ALWAYS_EMBED_SWIFT_STANDARD_LIBRARIES = YES;
				BUNDLE_LOADER = "$(TEST_HOST)";
				CODE_SIGN_STYLE = Automatic;
				DEVELOPMENT_TEAM = G5AL3AB92P;
				INFOPLIST_FILE = MovieFinderTests/Info.plist;
				LD_RUNPATH_SEARCH_PATHS = (
					"$(inherited)",
					"@executable_path/Frameworks",
					"@loader_path/Frameworks",
				);
				PRODUCT_BUNDLE_IDENTIFIER = Yo.MovieFinderTests;
				PRODUCT_NAME = "$(TARGET_NAME)";
				SWIFT_VERSION = 5.0;
				TARGETED_DEVICE_FAMILY = "1,2";
				TEST_HOST = "$(BUILT_PRODUCTS_DIR)/MovieFinder.app/MovieFinder";
			};
			name = Release;
		};
/* End XCBuildConfiguration section */

/* Begin XCConfigurationList section */
		F10D954E230D302B00D48239 /* Build configuration list for PBXProject "MovieFinder" */ = {
			isa = XCConfigurationList;
			buildConfigurations = (
				F10D9571230D303500D48239 /* Debug */,
				F10D9572230D303500D48239 /* Release */,
			);
			defaultConfigurationIsVisible = 0;
			defaultConfigurationName = Release;
		};
		F10D9573230D303500D48239 /* Build configuration list for PBXNativeTarget "MovieFinder" */ = {
			isa = XCConfigurationList;
			buildConfigurations = (
				F10D9574230D303500D48239 /* Debug */,
				F10D9575230D303500D48239 /* Release */,
			);
			defaultConfigurationIsVisible = 0;
			defaultConfigurationName = Release;
		};
		F10D9576230D303500D48239 /* Build configuration list for PBXNativeTarget "MovieFinderTests" */ = {
			isa = XCConfigurationList;
			buildConfigurations = (
				F10D9577230D303500D48239 /* Debug */,
				F10D9578230D303500D48239 /* Release */,
			);
			defaultConfigurationIsVisible = 0;
			defaultConfigurationName = Release;
		};
/* End XCConfigurationList section */

/* Begin XCVersionGroup section */
		F10D955D230D302B00D48239 /* MovieFinder.xcdatamodeld */ = {
			isa = XCVersionGroup;
			children = (
				F10D955E230D302B00D48239 /* MovieFinder.xcdatamodel */,
			);
			currentVersion = F10D955E230D302B00D48239 /* MovieFinder.xcdatamodel */;
			path = MovieFinder.xcdatamodeld;
			sourceTree = "<group>";
			versionGroupType = wrapper.xcdatamodel;
		};
/* End XCVersionGroup section */
	};
	rootObject = F10D954B230D302B00D48239 /* Project object */;
}
